
Microsoft Visual Studio Solution File, Format Version 12.00
# Visual Studio Version 17
VisualStudioVersion = 17.5.33530.505
MinimumVisualStudioVersion = 10.0.40219.1
Project("{FAE04EC0-301F-11D3-BF4B-00C04F79EFBC}") = "Agenda2", "Agenda2.csproj", "{1DB3C4CE-99FC-44C1-8064-70B458C719D9}"
EndProject
Global
	GlobalSection(SolutionConfigurationPlatforms) = preSolution
		Debug|Any CPU = Debug|Any CPU
		Release|Any CPU = Release|Any CPU
	EndGlobalSection
	GlobalSection(ProjectConfigurationPlatforms) = postSolution
		{1DB3C4CE-99FC-44C1-8064-70B458C719D9}.Debug|Any CPU.ActiveCfg = Debug|Any CPU
		{1DB3C4CE-99FC-44C1-8064-70B458C719D9}.Debug|Any CPU.Build.0 = Debug|Any CPU
		{1DB3C4CE-99FC-44C1-8064-70B458C719D9}.Release|Any CPU.ActiveCfg = Release|Any CPU
		{1DB3C4CE-99FC-44C1-8064-70B458C719D9}.Release|Any CPU.Build.0 = Release|Any CPU
	EndGlobalSection
	GlobalSection(SolutionProperties) = preSolution
		HideSolutionNode = FALSE
	EndGlobalSection
	GlobalSection(ExtensibilityGlobals) = postSolution
		SolutionGuid = {F8A406B9-3F49-4C88-9098-812B193803E6}
	EndGlobalSection
EndGlobal
